
Microsoft Visual Studio Solution File, Format Version 12.00
# Visual Studio Version 17
VisualStudioVersion = 17.8.34511.84
MinimumVisualStudioVersion = 10.0.40219.1
Project("{9A19103F-16F7-4668-BE54-9A1E7A4F7556}") = "PizzaCase", "PizzaCase.csproj", "{FC8A4F28-D539-4978-9363-079CAC1F7416}"
EndProject
Project("{FAE04EC0-301F-11D3-BF4B-00C04F79EFBC}") = "Appclient", "..\Appclient\Appclient.csproj", "{4E11020C-DDA5-4ECC-A0FD-8DA3EB49A489}"
EndProject
Global
	GlobalSection(SolutionConfigurationPlatforms) = preSolution
		Debug|Any CPU = Debug|Any CPU
		Debug|ARM = Debug|ARM
		Debug|iPhone = Debug|iPhone
		Debug|iPhoneSimulator = Debug|iPhoneSimulator
		Debug|x64 = Debug|x64
		Debug|x86 = Debug|x86
		Release|Any CPU = Release|Any CPU
		Release|ARM = Release|ARM
		Release|iPhone = Release|iPhone
		Release|iPhoneSimulator = Release|iPhoneSimulator
		Release|x64 = Release|x64
		Release|x86 = Release|x86
	EndGlobalSection
	GlobalSection(ProjectConfigurationPlatforms) = postSolution
		{FC8A4F28-D539-4978-9363-079CAC1F7416}.Debug|Any CPU.ActiveCfg = Debug|Any CPU
		{FC8A4F28-D539-4978-9363-079CAC1F7416}.Debug|Any CPU.Build.0 = Debug|Any CPU
		{FC8A4F28-D539-4978-9363-079CAC1F7416}.Debug|Any CPU.Deploy.0 = Debug|Any CPU
		{FC8A4F28-D539-4978-9363-079CAC1F7416}.Debug|ARM.ActiveCfg = Debug|Any CPU
		{FC8A4F28-D539-4978-9363-079CAC1F7416}.Debug|ARM.Build.0 = Debug|Any CPU
		{FC8A4F28-D539-4978-9363-079CAC1F7416}.Debug|ARM.Deploy.0 = Debug|Any CPU
		{FC8A4F28-D539-4978-9363-079CAC1F7416}.Debug|iPhone.ActiveCfg = Debug|Any CPU
		{FC8A4F28-D539-4978-9363-079CAC1F7416}.Debug|iPhone.Build.0 = Debug|Any CPU
		{FC8A4F28-D539-4978-9363-079CAC1F7416}.Debug|iPhone.Deploy.0 = Debug|Any CPU
		{FC8A4F28-D539-4978-9363-079CAC1F7416}.Debug|iPhoneSimulator.ActiveCfg = Debug|Any CPU
		{FC8A4F28-D539-4978-9363-079CAC1F7416}.Debug|iPhoneSimulator.Build.0 = Debug|Any CPU
		{FC8A4F28-D539-4978-9363-079CAC1F7416}.Debug|iPhoneSimulator.Deploy.0 = Debug|Any CPU
		{FC8A4F28-D539-4978-9363-079CAC1F7416}.Debug|x64.ActiveCfg = Debug|Any CPU
		{FC8A4F28-D539-4978-9363-079CAC1F7416}.Debug|x64.Build.0 = Debug|Any CPU
		{FC8A4F28-D539-4978-9363-079CAC1F7416}.Debug|x64.Deploy.0 = Debug|Any CPU
		{FC8A4F28-D539-4978-9363-079CAC1F7416}.Debug|x86.ActiveCfg = Debug|Any CPU
		{FC8A4F28-D539-4978-9363-079CAC1F7416}.Debug|x86.Build.0 = Debug|Any CPU
		{FC8A4F28-D539-4978-9363-079CAC1F7416}.Debug|x86.Deploy.0 = Debug|Any CPU
		{FC8A4F28-D539-4978-9363-079CAC1F7416}.Release|Any CPU.ActiveCfg = Release|Any CPU
		{FC8A4F28-D539-4978-9363-079CAC1F7416}.Release|Any CPU.Build.0 = Release|Any CPU
		{FC8A4F28-D539-4978-9363-079CAC1F7416}.Release|Any CPU.Deploy.0 = Release|Any CPU
		{FC8A4F28-D539-4978-9363-079CAC1F7416}.Release|ARM.ActiveCfg = Release|Any CPU
		{FC8A4F28-D539-4978-9363-079CAC1F7416}.Release|ARM.Build.0 = Release|Any CPU
		{FC8A4F28-D539-4978-9363-079CAC1F7416}.Release|ARM.Deploy.0 = Release|Any CPU
		{FC8A4F28-D539-4978-9363-079CAC1F7416}.Release|iPhone.ActiveCfg = Release|Any CPU
		{FC8A4F28-D539-4978-9363-079CAC1F7416}.Release|iPhone.Build.0 = Release|Any CPU
		{FC8A4F28-D539-4978-9363-079CAC1F7416}.Release|iPhone.Deploy.0 = Release|Any CPU
		{FC8A4F28-D539-4978-9363-079CAC1F7416}.Release|iPhoneSimulator.ActiveCfg = Release|Any CPU
		{FC8A4F28-D539-4978-9363-079CAC1F7416}.Release|iPhoneSimulator.Build.0 = Release|Any CPU
		{FC8A4F28-D539-4978-9363-079CAC1F7416}.Release|iPhoneSimulator.Deploy.0 = Release|Any CPU
		{FC8A4F28-D539-4978-9363-079CAC1F7416}.Release|x64.ActiveCfg = Release|Any CPU
		{FC8A4F28-D539-4978-9363-079CAC1F7416}.Release|x64.Build.0 = Release|Any CPU
		{FC8A4F28-D539-4978-9363-079CAC1F7416}.Release|x64.Deploy.0 = Release|Any CPU
		{FC8A4F28-D539-4978-9363-079CAC1F7416}.Release|x86.ActiveCfg = Release|Any CPU
		{FC8A4F28-D539-4978-9363-079CAC1F7416}.Release|x86.Build.0 = Release|Any CPU
		{FC8A4F28-D539-4978-9363-079CAC1F7416}.Release|x86.Deploy.0 = Release|Any CPU
		{4E11020C-DDA5-4ECC-A0FD-8DA3EB49A489}.Debug|Any CPU.ActiveCfg = Debug|Any CPU
		{4E11020C-DDA5-4ECC-A0FD-8DA3EB49A489}.Debug|Any CPU.Build.0 = Debug|Any CPU
		{4E11020C-DDA5-4ECC-A0FD-8DA3EB49A489}.Debug|Any CPU.Deploy.0 = Debug|Any CPU
		{4E11020C-DDA5-4ECC-A0FD-8DA3EB49A489}.Debug|ARM.ActiveCfg = Debug|Any CPU
		{4E11020C-DDA5-4ECC-A0FD-8DA3EB49A489}.Debug|ARM.Build.0 = Debug|Any CPU
		{4E11020C-DDA5-4ECC-A0FD-8DA3EB49A489}.Debug|ARM.Deploy.0 = Debug|Any CPU
		{4E11020C-DDA5-4ECC-A0FD-8DA3EB49A489}.Debug|iPhone.ActiveCfg = Debug|Any CPU
		{4E11020C-DDA5-4ECC-A0FD-8DA3EB49A489}.Debug|iPhone.Build.0 = Debug|Any CPU
		{4E11020C-DDA5-4ECC-A0FD-8DA3EB49A489}.Debug|iPhone.Deploy.0 = Debug|Any CPU
		{4E11020C-DDA5-4ECC-A0FD-8DA3EB49A489}.Debug|iPhoneSimulator.ActiveCfg = Debug|Any CPU
		{4E11020C-DDA5-4ECC-A0FD-8DA3EB49A489}.Debug|iPhoneSimulator.Build.0 = Debug|Any CPU
		{4E11020C-DDA5-4ECC-A0FD-8DA3EB49A489}.Debug|iPhoneSimulator.Deploy.0 = Debug|Any CPU
		{4E11020C-DDA5-4ECC-A0FD-8DA3EB49A489}.Debug|x64.ActiveCfg = Debug|Any CPU
		{4E11020C-DDA5-4ECC-A0FD-8DA3EB49A489}.Debug|x64.Build.0 = Debug|Any CPU
		{4E11020C-DDA5-4ECC-A0FD-8DA3EB49A489}.Debug|x64.Deploy.0 = Debug|Any CPU
		{4E11020C-DDA5-4ECC-A0FD-8DA3EB49A489}.Debug|x86.ActiveCfg = Debug|Any CPU
		{4E11020C-DDA5-4ECC-A0FD-8DA3EB49A489}.Debug|x86.Build.0 = Debug|Any CPU
		{4E11020C-DDA5-4ECC-A0FD-8DA3EB49A489}.Debug|x86.Deploy.0 = Debug|Any CPU
		{4E11020C-DDA5-4ECC-A0FD-8DA3EB49A489}.Release|Any CPU.ActiveCfg = Release|Any CPU
		{4E11020C-DDA5-4ECC-A0FD-8DA3EB49A489}.Release|Any CPU.Build.0 = Release|Any CPU
		{4E11020C-DDA5-4ECC-A0FD-8DA3EB49A489}.Release|Any CPU.Deploy.0 = Release|Any CPU
		{4E11020C-DDA5-4ECC-A0FD-8DA3EB49A489}.Release|ARM.ActiveCfg = Release|Any CPU
		{4E11020C-DDA5-4ECC-A0FD-8DA3EB49A489}.Release|ARM.Build.0 = Release|Any CPU
		{4E11020C-DDA5-4ECC-A0FD-8DA3EB49A489}.Release|ARM.Deploy.0 = Release|Any CPU
		{4E11020C-DDA5-4ECC-A0FD-8DA3EB49A489}.Release|iPhone.ActiveCfg = Release|Any CPU
		{4E11020C-DDA5-4ECC-A0FD-8DA3EB49A489}.Release|iPhone.Build.0 = Release|Any CPU
		{4E11020C-DDA5-4ECC-A0FD-8DA3EB49A489}.Release|iPhone.Deploy.0 = Release|Any CPU
		{4E11020C-DDA5-4ECC-A0FD-8DA3EB49A489}.Release|iPhoneSimulator.ActiveCfg = Release|Any CPU
		{4E11020C-DDA5-4ECC-A0FD-8DA3EB49A489}.Release|iPhoneSimulator.Build.0 = Release|Any CPU
		{4E11020C-DDA5-4ECC-A0FD-8DA3EB49A489}.Release|iPhoneSimulator.Deploy.0 = Release|Any CPU
		{4E11020C-DDA5-4ECC-A0FD-8DA3EB49A489}.Release|x64.ActiveCfg = Release|Any CPU
		{4E11020C-DDA5-4ECC-A0FD-8DA3EB49A489}.Release|x64.Build.0 = Release|Any CPU
		{4E11020C-DDA5-4ECC-A0FD-8DA3EB49A489}.Release|x64.Deploy.0 = Release|Any CPU
		{4E11020C-DDA5-4ECC-A0FD-8DA3EB49A489}.Release|x86.ActiveCfg = Release|Any CPU
		{4E11020C-DDA5-4ECC-A0FD-8DA3EB49A489}.Release|x86.Build.0 = Release|Any CPU
		{4E11020C-DDA5-4ECC-A0FD-8DA3EB49A489}.Release|x86.Deploy.0 = Release|Any CPU
	EndGlobalSection
	GlobalSection(SolutionProperties) = preSolution
		HideSolutionNode = FALSE
	EndGlobalSection
	GlobalSection(ExtensibilityGlobals) = postSolution
		SolutionGuid = {EE4CC9B5-DB67-403F-8A7F-86668E42D4F6}
	EndGlobalSection
EndGlobal
